{
  "name": "hireApp",
  "version": "1.0.0",
  "lockfileVersion": 1,
  "requires": true,
  "dependencies": {
    "pretty-checkbox": {
      "version": "3.0.3",
      "resolved": "https://registry.npmjs.org/pretty-checkbox/-/pretty-checkbox-3.0.3.tgz",
      "integrity": "sha1-1JyAE6j8CO4MLW695FNGS/28Qo4="
    },
    "selectal": {
      "version": "1.4.2",
      "resolved": "https://registry.npmjs.org/selectal/-/selectal-1.4.2.tgz",
      "integrity": "sha512-jQKidp/sOUqi2IEPRcht2VuANLmdtdC4XcUPej8fcMO7nQpgeoGCAuJp/QhbYQ/en9Wo7JN5/jdcGSkn/9N2GA=="
    }
  }
}
